
Microsoft Visual Studio Solution File, Format Version 12.00
# Visual Studio 2013
VisualStudioVersion = 12.0.30110.0
MinimumVisualStudioVersion = 10.0.40219.1
Project("{FAE04EC0-301F-11D3-BF4B-00C04F79EFBC}") = "SIGA.CORE", "SIGA.CORE\SIGA.CORE.csproj", "{212B0AB3-9490-4BA3-9667-213B4F8A8F3E}"
EndProject
Project("{FAE04EC0-301F-11D3-BF4B-00C04F79EFBC}") = "SIGA.DAL", "SIGA.DAL\SIGA.DAL.csproj", "{CBB5C8C4-190D-40AA-9150-A2081220E7D4}"
EndProject
Project("{FAE04EC0-301F-11D3-BF4B-00C04F79EFBC}") = "SIGA.MVC", "SIGA.MVC\SIGA.MVC.csproj", "{B1C719D0-36BF-4055-8620-D38EE527ED82}"
EndProject
Global
	GlobalSection(TeamFoundationVersionControl) = preSolution
		SccNumberOfProjects = 4
		SccEnterpriseProvider = {4CA58AB2-18FA-4F8D-95D4-32DDF27D184C}
		SccTeamFoundationServer = https://cleberfasilva.visualstudio.com/defaultcollection
		SccLocalPath0 = .
		SccProjectUniqueName1 = SIGA.CORE\\SIGA.CORE.csproj
		SccProjectName1 = SIGA.CORE
		SccLocalPath1 = SIGA.CORE
		SccProjectUniqueName2 = SIGA.DAL\\SIGA.DAL.csproj
		SccProjectName2 = SIGA.DAL
		SccLocalPath2 = SIGA.DAL
		SccProjectUniqueName3 = SIGA.MVC\\SIGA.MVC.csproj
		SccProjectName3 = SIGA.MVC
		SccLocalPath3 = SIGA.MVC
	EndGlobalSection
	GlobalSection(SolutionConfigurationPlatforms) = preSolution
		Debug|Any CPU = Debug|Any CPU
		Release|Any CPU = Release|Any CPU
	EndGlobalSection
	GlobalSection(ProjectConfigurationPlatforms) = postSolution
		{212B0AB3-9490-4BA3-9667-213B4F8A8F3E}.Debug|Any CPU.ActiveCfg = Debug|Any CPU
		{212B0AB3-9490-4BA3-9667-213B4F8A8F3E}.Debug|Any CPU.Build.0 = Debug|Any CPU
		{212B0AB3-9490-4BA3-9667-213B4F8A8F3E}.Release|Any CPU.ActiveCfg = Release|Any CPU
		{212B0AB3-9490-4BA3-9667-213B4F8A8F3E}.Release|Any CPU.Build.0 = Release|Any CPU
		{CBB5C8C4-190D-40AA-9150-A2081220E7D4}.Debug|Any CPU.ActiveCfg = Debug|Any CPU
		{CBB5C8C4-190D-40AA-9150-A2081220E7D4}.Debug|Any CPU.Build.0 = Debug|Any CPU
		{CBB5C8C4-190D-40AA-9150-A2081220E7D4}.Release|Any CPU.ActiveCfg = Release|Any CPU
		{CBB5C8C4-190D-40AA-9150-A2081220E7D4}.Release|Any CPU.Build.0 = Release|Any CPU
		{B1C719D0-36BF-4055-8620-D38EE527ED82}.Debug|Any CPU.ActiveCfg = Debug|Any CPU
		{B1C719D0-36BF-4055-8620-D38EE527ED82}.Debug|Any CPU.Build.0 = Debug|Any CPU
		{B1C719D0-36BF-4055-8620-D38EE527ED82}.Release|Any CPU.ActiveCfg = Release|Any CPU
		{B1C719D0-36BF-4055-8620-D38EE527ED82}.Release|Any CPU.Build.0 = Release|Any CPU
	EndGlobalSection
	GlobalSection(SolutionProperties) = preSolution
		HideSolutionNode = FALSE
	EndGlobalSection
EndGlobal
